// !$*UTF8*$!
{
	archiveVersion = 1;
	classes = {
	};
	objectVersion = 46;
	objects = {

/* Begin PBXBuildFile section */
		C318C61117AB90CB00AB4589 /* MagicalImportFunctions.m in Sources */ = {isa = PBXBuildFile; fileRef = C318C5D917AB90CA00AB4589 /* MagicalImportFunctions.m */; };
		C318C61217AB90CB00AB4589 /* NSAttributeDescription+MagicalDataImport.m in Sources */ = {isa = PBXBuildFile; fileRef = C318C5DB17AB90CA00AB4589 /* NSAttributeDescription+MagicalDataImport.m */; };
		C318C61317AB90CB00AB4589 /* NSEntityDescription+MagicalDataImport.m in Sources */ = {isa = PBXBuildFile; fileRef = C318C5DD17AB90CA00AB4589 /* NSEntityDescription+MagicalDataImport.m */; };
		C318C61417AB90CB00AB4589 /* NSNumber+MagicalDataImport.m in Sources */ = {isa = PBXBuildFile; fileRef = C318C5DF17AB90CA00AB4589 /* NSNumber+MagicalDataImport.m */; };
		C318C61517AB90CB00AB4589 /* NSObject+MagicalDataImport.m in Sources */ = {isa = PBXBuildFile; fileRef = C318C5E117AB90CA00AB4589 /* NSObject+MagicalDataImport.m */; };
		C318C61617AB90CB00AB4589 /* NSRelationshipDescription+MagicalDataImport.m in Sources */ = {isa = PBXBuildFile; fileRef = C318C5E317AB90CA00AB4589 /* NSRelationshipDescription+MagicalDataImport.m */; };
		C318C61717AB90CB00AB4589 /* NSString+MagicalDataImport.m in Sources */ = {isa = PBXBuildFile; fileRef = C318C5E517AB90CA00AB4589 /* NSString+MagicalDataImport.m */; };
		C318C61817AB90CB00AB4589 /* NSManagedObject+MagicalAggregation.m in Sources */ = {isa = PBXBuildFile; fileRef = C318C5E817AB90CA00AB4589 /* NSManagedObject+MagicalAggregation.m */; };
		C318C61917AB90CB00AB4589 /* NSManagedObject+MagicalDataImport.m in Sources */ = {isa = PBXBuildFile; fileRef = C318C5EA17AB90CA00AB4589 /* NSManagedObject+MagicalDataImport.m */; };
		C318C61A17AB90CB00AB4589 /* NSManagedObject+MagicalFinders.m in Sources */ = {isa = PBXBuildFile; fileRef = C318C5EC17AB90CA00AB4589 /* NSManagedObject+MagicalFinders.m */; };
		C318C61B17AB90CB00AB4589 /* NSManagedObject+MagicalRecord.m in Sources */ = {isa = PBXBuildFile; fileRef = C318C5EE17AB90CA00AB4589 /* NSManagedObject+MagicalRecord.m */; };
		C318C61C17AB90CB00AB4589 /* NSManagedObject+MagicalRequests.m in Sources */ = {isa = PBXBuildFile; fileRef = C318C5F017AB90CA00AB4589 /* NSManagedObject+MagicalRequests.m */; };
		C318C61D17AB90CB00AB4589 /* NSManagedObjectContext+MagicalObserving.m in Sources */ = {isa = PBXBuildFile; fileRef = C318C5F317AB90CA00AB4589 /* NSManagedObjectContext+MagicalObserving.m */; };
		C318C61E17AB90CB00AB4589 /* NSManagedObjectContext+MagicalRecord.m in Sources */ = {isa = PBXBuildFile; fileRef = C318C5F517AB90CA00AB4589 /* NSManagedObjectContext+MagicalRecord.m */; };
		C318C61F17AB90CB00AB4589 /* NSManagedObjectContext+MagicalSaves.m in Sources */ = {isa = PBXBuildFile; fileRef = C318C5F717AB90CA00AB4589 /* NSManagedObjectContext+MagicalSaves.m */; };
		C318C62017AB90CB00AB4589 /* NSManagedObjectContext+MagicalThreading.m in Sources */ = {isa = PBXBuildFile; fileRef = C318C5F917AB90CA00AB4589 /* NSManagedObjectContext+MagicalThreading.m */; };
		C318C62117AB90CB00AB4589 /* NSManagedObjectModel+MagicalRecord.m in Sources */ = {isa = PBXBuildFile; fileRef = C318C5FB17AB90CA00AB4589 /* NSManagedObjectModel+MagicalRecord.m */; };
		C318C62217AB90CB00AB4589 /* NSPersistentStore+MagicalRecord.m in Sources */ = {isa = PBXBuildFile; fileRef = C318C5FD17AB90CB00AB4589 /* NSPersistentStore+MagicalRecord.m */; };
		C318C62317AB90CB00AB4589 /* NSPersistentStoreCoordinator+MagicalRecord.m in Sources */ = {isa = PBXBuildFile; fileRef = C318C5FF17AB90CB00AB4589 /* NSPersistentStoreCoordinator+MagicalRecord.m */; };
		C318C62417AB90CB00AB4589 /* MagicalRecord+Actions.m in Sources */ = {isa = PBXBuildFile; fileRef = C318C60217AB90CB00AB4589 /* MagicalRecord+Actions.m */; };
		C318C62517AB90CB00AB4589 /* MagicalRecord+ErrorHandling.m in Sources */ = {isa = PBXBuildFile; fileRef = C318C60417AB90CB00AB4589 /* MagicalRecord+ErrorHandling.m */; };
		C318C62617AB90CB00AB4589 /* MagicalRecord+iCloud.m in Sources */ = {isa = PBXBuildFile; fileRef = C318C60617AB90CB00AB4589 /* MagicalRecord+iCloud.m */; };
		C318C62717AB90CB00AB4589 /* MagicalRecord+Options.m in Sources */ = {isa = PBXBuildFile; fileRef = C318C60817AB90CB00AB4589 /* MagicalRecord+Options.m */; };
		C318C62817AB90CB00AB4589 /* MagicalRecord+Setup.m in Sources */ = {isa = PBXBuildFile; fileRef = C318C60A17AB90CB00AB4589 /* MagicalRecord+Setup.m */; };
		C318C62917AB90CB00AB4589 /* MagicalRecord+ShorthandSupport.m in Sources */ = {isa = PBXBuildFile; fileRef = C318C60C17AB90CB00AB4589 /* MagicalRecord+ShorthandSupport.m */; };
		C318C62A17AB90CB00AB4589 /* MagicalRecord.m in Sources */ = {isa = PBXBuildFile; fileRef = C318C60E17AB90CB00AB4589 /* MagicalRecord.m */; };
		C38E2C7717AA82800066AD19 /* Network.m in Sources */ = {isa = PBXBuildFile; fileRef = C38E2C7617AA82800066AD19 /* Network.m */; };
		C39A82DC17AAB0CB00F1A976 /* People.m in Sources */ = {isa = PBXBuildFile; fileRef = C39A82DB17AAB0CB00F1A976 /* People.m */; };
		C39ACBDC17A8FEDF00253062 /* UIKit.framework in Frameworks */ = {isa = PBXBuildFile; fileRef = C39ACBDB17A8FEDF00253062 /* UIKit.framework */; };
		C39ACBDE17A8FEDF00253062 /* Foundation.framework in Frameworks */ = {isa = PBXBuildFile; fileRef = C39ACBDD17A8FEDF00253062 /* Foundation.framework */; };
		C39ACBE017A8FEDF00253062 /* CoreGraphics.framework in Frameworks */ = {isa = PBXBuildFile; fileRef = C39ACBDF17A8FEDF00253062 /* CoreGraphics.framework */; };
		C39ACBE817A8FEDF00253062 /* main.m in Sources */ = {isa = PBXBuildFile; fileRef = C39ACBE717A8FEDF00253062 /* main.m */; };
		C39ACC0E17A8FFE200253062 /* ViewController.m in Sources */ = {isa = PBXBuildFile; fileRef = C39ACC0317A8FFE100253062 /* ViewController.m */; };
		C39ACC0F17A8FFE200253062 /* AppDelegate.m in Sources */ = {isa = PBXBuildFile; fileRef = C39ACC0617A8FFE100253062 /* AppDelegate.m */; };
		C39ACC1117A8FFE200253062 /* Default-568h@2x.png in Resources */ = {isa = PBXBuildFile; fileRef = C39ACC0B17A8FFE200253062 /* Default-568h@2x.png */; };
		C39ACC1217A8FFE200253062 /* Default.png in Resources */ = {isa = PBXBuildFile; fileRef = C39ACC0C17A8FFE200253062 /* Default.png */; };
		C39ACC1317A8FFE200253062 /* Default@2x.png in Resources */ = {isa = PBXBuildFile; fileRef = C39ACC0D17A8FFE200253062 /* Default@2x.png */; };
		C39ACC1617A9002000253062 /* Main.storyboard in Resources */ = {isa = PBXBuildFile; fileRef = C39ACC1517A9002000253062 /* Main.storyboard */; };
		C39ACC1E17A903E200253062 /* CoreData.framework in Frameworks */ = {isa = PBXBuildFile; fileRef = C39ACC1D17A903E200253062 /* CoreData.framework */; };
		C39ACC2217A904D900253062 /* Model.xcdatamodeld in Sources */ = {isa = PBXBuildFile; fileRef = C39ACC2017A904D900253062 /* Model.xcdatamodeld */; };
/* End PBXBuildFile section */

/* Begin PBXFileReference section */
		C318C5D817AB90CA00AB4589 /* MagicalImportFunctions.h */ = {isa = PBXFileReference; fileEncoding = 4; lastKnownFileType = sourcecode.c.h; path = MagicalImportFunctions.h; sourceTree = "<group>"; };
		C318C5D917AB90CA00AB4589 /* MagicalImportFunctions.m */ = {isa = PBXFileReference; fileEncoding = 4; lastKnownFileType = sourcecode.c.objc; path = MagicalImportFunctions.m; sourceTree = "<group>"; };
		C318C5DA17AB90CA00AB4589 /* NSAttributeDescription+MagicalDataImport.h */ = {isa = PBXFileReference; fileEncoding = 4; lastKnownFileType = sourcecode.c.h; path = "NSAttributeDescription+MagicalDataImport.h"; sourceTree = "<group>"; };
		C318C5DB17AB90CA00AB4589 /* NSAttributeDescription+MagicalDataImport.m */ = {isa = PBXFileReference; fileEncoding = 4; lastKnownFileType = sourcecode.c.objc; path = "NSAttributeDescription+MagicalDataImport.m"; sourceTree = "<group>"; };
		C318C5DC17AB90CA00AB4589 /* NSEntityDescription+MagicalDataImport.h */ = {isa = PBXFileReference; fileEncoding = 4; lastKnownFileType = sourcecode.c.h; path = "NSEntityDescription+MagicalDataImport.h"; sourceTree = "<group>"; };
		C318C5DD17AB90CA00AB4589 /* NSEntityDescription+MagicalDataImport.m */ = {isa = PBXFileReference; fileEncoding = 4; lastKnownFileType = sourcecode.c.objc; path = "NSEntityDescription+MagicalDataImport.m"; sourceTree = "<group>"; };
		C318C5DE17AB90CA00AB4589 /* NSNumber+MagicalDataImport.h */ = {isa = PBXFileReference; fileEncoding = 4; lastKnownFileType = sourcecode.c.h; path = "NSNumber+MagicalDataImport.h"; sourceTree = "<group>"; };
		C318C5DF17AB90CA00AB4589 /* NSNumber+MagicalDataImport.m */ = {isa = PBXFileReference; fileEncoding = 4; lastKnownFileType = sourcecode.c.objc; path = "NSNumber+MagicalDataImport.m"; sourceTree = "<group>"; };
		C318C5E017AB90CA00AB4589 /* NSObject+MagicalDataImport.h */ = {isa = PBXFileReference; fileEncoding = 4; lastKnownFileType = sourcecode.c.h; path = "NSObject+MagicalDataImport.h"; sourceTree = "<group>"; };
		C318C5E117AB90CA00AB4589 /* NSObject+MagicalDataImport.m */ = {isa = PBXFileReference; fileEncoding = 4; lastKnownFileType = sourcecode.c.objc; path = "NSObject+MagicalDataImport.m"; sourceTree = "<group>"; };
		C318C5E217AB90CA00AB4589 /* NSRelationshipDescription+MagicalDataImport.h */ = {isa = PBXFileReference; fileEncoding = 4; lastKnownFileType = sourcecode.c.h; path = "NSRelationshipDescription+MagicalDataImport.h"; sourceTree = "<group>"; };
		C318C5E317AB90CA00AB4589 /* NSRelationshipDescription+MagicalDataImport.m */ = {isa = PBXFileReference; fileEncoding = 4; lastKnownFileType = sourcecode.c.objc; path = "NSRelationshipDescription+MagicalDataImport.m"; sourceTree = "<group>"; };
		C318C5E417AB90CA00AB4589 /* NSString+MagicalDataImport.h */ = {isa = PBXFileReference; fileEncoding = 4; lastKnownFileType = sourcecode.c.h; path = "NSString+MagicalDataImport.h"; sourceTree = "<group>"; };
		C318C5E517AB90CA00AB4589 /* NSString+MagicalDataImport.m */ = {isa = PBXFileReference; fileEncoding = 4; lastKnownFileType = sourcecode.c.objc; path = "NSString+MagicalDataImport.m"; sourceTree = "<group>"; };
		C318C5E717AB90CA00AB4589 /* NSManagedObject+MagicalAggregation.h */ = {isa = PBXFileReference; fileEncoding = 4; lastKnownFileType = sourcecode.c.h; path = "NSManagedObject+MagicalAggregation.h"; sourceTree = "<group>"; };
		C318C5E817AB90CA00AB4589 /* NSManagedObject+MagicalAggregation.m */ = {isa = PBXFileReference; fileEncoding = 4; lastKnownFileType = sourcecode.c.objc; path = "NSManagedObject+MagicalAggregation.m"; sourceTree = "<group>"; };
		C318C5E917AB90CA00AB4589 /* NSManagedObject+MagicalDataImport.h */ = {isa = PBXFileReference; fileEncoding = 4; lastKnownFileType = sourcecode.c.h; path = "NSManagedObject+MagicalDataImport.h"; sourceTree = "<group>"; };
		C318C5EA17AB90CA00AB4589 /* NSManagedObject+MagicalDataImport.m */ = {isa = PBXFileReference; fileEncoding = 4; lastKnownFileType = sourcecode.c.objc; path = "NSManagedObject+MagicalDataImport.m"; sourceTree = "<group>"; };
		C318C5EB17AB90CA00AB4589 /* NSManagedObject+MagicalFinders.h */ = {isa = PBXFileReference; fileEncoding = 4; lastKnownFileType = sourcecode.c.h; path = "NSManagedObject+MagicalFinders.h"; sourceTree = "<group>"; };
		C318C5EC17AB90CA00AB4589 /* NSManagedObject+MagicalFinders.m */ = {isa = PBXFileReference; fileEncoding = 4; lastKnownFileType = sourcecode.c.objc; path = "NSManagedObject+MagicalFinders.m"; sourceTree = "<group>"; };
		C318C5ED17AB90CA00AB4589 /* NSManagedObject+MagicalRecord.h */ = {isa = PBXFileReference; fileEncoding = 4; lastKnownFileType = sourcecode.c.h; path = "NSManagedObject+MagicalRecord.h"; sourceTree = "<group>"; };
		C318C5EE17AB90CA00AB4589 /* NSManagedObject+MagicalRecord.m */ = {isa = PBXFileReference; fileEncoding = 4; lastKnownFileType = sourcecode.c.objc; path = "NSManagedObject+MagicalRecord.m"; sourceTree = "<group>"; };
		C318C5EF17AB90CA00AB4589 /* NSManagedObject+MagicalRequests.h */ = {isa = PBXFileReference; fileEncoding = 4; lastKnownFileType = sourcecode.c.h; path = "NSManagedObject+MagicalRequests.h"; sourceTree = "<group>"; };
		C318C5F017AB90CA00AB4589 /* NSManagedObject+MagicalRequests.m */ = {isa = PBXFileReference; fileEncoding = 4; lastKnownFileType = sourcecode.c.objc; path = "NSManagedObject+MagicalRequests.m"; sourceTree = "<group>"; };
		C318C5F217AB90CA00AB4589 /* NSManagedObjectContext+MagicalObserving.h */ = {isa = PBXFileReference; fileEncoding = 4; lastKnownFileType = sourcecode.c.h; path = "NSManagedObjectContext+MagicalObserving.h"; sourceTree = "<group>"; };
		C318C5F317AB90CA00AB4589 /* NSManagedObjectContext+MagicalObserving.m */ = {isa = PBXFileReference; fileEncoding = 4; lastKnownFileType = sourcecode.c.objc; path = "NSManagedObjectContext+MagicalObserving.m"; sourceTree = "<group>"; };
		C318C5F417AB90CA00AB4589 /* NSManagedObjectContext+MagicalRecord.h */ = {isa = PBXFileReference; fileEncoding = 4; lastKnownFileType = sourcecode.c.h; path = "NSManagedObjectContext+MagicalRecord.h"; sourceTree = "<group>"; };
		C318C5F517AB90CA00AB4589 /* NSManagedObjectContext+MagicalRecord.m */ = {isa = PBXFileReference; fileEncoding = 4; lastKnownFileType = sourcecode.c.objc; path = "NSManagedObjectContext+MagicalRecord.m"; sourceTree = "<group>"; };
		C318C5F617AB90CA00AB4589 /* NSManagedObjectContext+MagicalSaves.h */ = {isa = PBXFileReference; fileEncoding = 4; lastKnownFileType = sourcecode.c.h; path = "NSManagedObjectContext+MagicalSaves.h"; sourceTree = "<group>"; };
		C318C5F717AB90CA00AB4589 /* NSManagedObjectContext+MagicalSaves.m */ = {isa = PBXFileReference; fileEncoding = 4; lastKnownFileType = sourcecode.c.objc; path = "NSManagedObjectContext+MagicalSaves.m"; sourceTree = "<group>"; };
		C318C5F817AB90CA00AB4589 /* NSManagedObjectContext+MagicalThreading.h */ = {isa = PBXFileReference; fileEncoding = 4; lastKnownFileType = sourcecode.c.h; path = "NSManagedObjectContext+MagicalThreading.h"; sourceTree = "<group>"; };
		C318C5F917AB90CA00AB4589 /* NSManagedObjectContext+MagicalThreading.m */ = {isa = PBXFileReference; fileEncoding = 4; lastKnownFileType = sourcecode.c.objc; path = "NSManagedObjectContext+MagicalThreading.m"; sourceTree = "<group>"; };
		C318C5FA17AB90CA00AB4589 /* NSManagedObjectModel+MagicalRecord.h */ = {isa = PBXFileReference; fileEncoding = 4; lastKnownFileType = sourcecode.c.h; path = "NSManagedObjectModel+MagicalRecord.h"; sourceTree = "<group>"; };
		C318C5FB17AB90CA00AB4589 /* NSManagedObjectModel+MagicalRecord.m */ = {isa = PBXFileReference; fileEncoding = 4; lastKnownFileType = sourcecode.c.objc; path = "NSManagedObjectModel+MagicalRecord.m"; sourceTree = "<group>"; };
		C318C5FC17AB90CA00AB4589 /* NSPersistentStore+MagicalRecord.h */ = {isa = PBXFileReference; fileEncoding = 4; lastKnownFileType = sourcecode.c.h; path = "NSPersistentStore+MagicalRecord.h"; sourceTree = "<group>"; };
		C318C5FD17AB90CB00AB4589 /* NSPersistentStore+MagicalRecord.m */ = {isa = PBXFileReference; fileEncoding = 4; lastKnownFileType = sourcecode.c.objc; path = "NSPersistentStore+MagicalRecord.m"; sourceTree = "<group>"; };
		C318C5FE17AB90CB00AB4589 /* NSPersistentStoreCoordinator+MagicalRecord.h */ = {isa = PBXFileReference; fileEncoding = 4; lastKnownFileType = sourcecode.c.h; path = "NSPersistentStoreCoordinator+MagicalRecord.h"; sourceTree = "<group>"; };
		C318C5FF17AB90CB00AB4589 /* NSPersistentStoreCoordinator+MagicalRecord.m */ = {isa = PBXFileReference; fileEncoding = 4; lastKnownFileType = sourcecode.c.objc; path = "NSPersistentStoreCoordinator+MagicalRecord.m"; sourceTree = "<group>"; };
		C318C60117AB90CB00AB4589 /* MagicalRecord+Actions.h */ = {isa = PBXFileReference; fileEncoding = 4; lastKnownFileType = sourcecode.c.h; path = "MagicalRecord+Actions.h"; sourceTree = "<group>"; };
		C318C60217AB90CB00AB4589 /* MagicalRecord+Actions.m */ = {isa = PBXFileReference; fileEncoding = 4; lastKnownFileType = sourcecode.c.objc; path = "MagicalRecord+Actions.m"; sourceTree = "<group>"; };
		C318C60317AB90CB00AB4589 /* MagicalRecord+ErrorHandling.h */ = {isa = PBXFileReference; fileEncoding = 4; lastKnownFileType = sourcecode.c.h; path = "MagicalRecord+ErrorHandling.h"; sourceTree = "<group>"; };
		C318C60417AB90CB00AB4589 /* MagicalRecord+ErrorHandling.m */ = {isa = PBXFileReference; fileEncoding = 4; lastKnownFileType = sourcecode.c.objc; path = "MagicalRecord+ErrorHandling.m"; sourceTree = "<group>"; };
		C318C60517AB90CB00AB4589 /* MagicalRecord+iCloud.h */ = {isa = PBXFileReference; fileEncoding = 4; lastKnownFileType = sourcecode.c.h; path = "MagicalRecord+iCloud.h"; sourceTree = "<group>"; };
		C318C60617AB90CB00AB4589 /* MagicalRecord+iCloud.m */ = {isa = PBXFileReference; fileEncoding = 4; lastKnownFileType = sourcecode.c.objc; path = "MagicalRecord+iCloud.m"; sourceTree = "<group>"; };
		C318C60717AB90CB00AB4589 /* MagicalRecord+Options.h */ = {isa = PBXFileReference; fileEncoding = 4; lastKnownFileType = sourcecode.c.h; path = "MagicalRecord+Options.h"; sourceTree = "<group>"; };
		C318C60817AB90CB00AB4589 /* MagicalRecord+Options.m */ = {isa = PBXFileReference; fileEncoding = 4; lastKnownFileType = sourcecode.c.objc; path = "MagicalRecord+Options.m"; sourceTree = "<group>"; };
		C318C60917AB90CB00AB4589 /* MagicalRecord+Setup.h */ = {isa = PBXFileReference; fileEncoding = 4; lastKnownFileType = sourcecode.c.h; path = "MagicalRecord+Setup.h"; sourceTree = "<group>"; };
		C318C60A17AB90CB00AB4589 /* MagicalRecord+Setup.m */ = {isa = PBXFileReference; fileEncoding = 4; lastKnownFileType = sourcecode.c.objc; path = "MagicalRecord+Setup.m"; sourceTree = "<group>"; };
		C318C60B17AB90CB00AB4589 /* MagicalRecord+ShorthandSupport.h */ = {isa = PBXFileReference; fileEncoding = 4; lastKnownFileType = sourcecode.c.h; path = "MagicalRecord+ShorthandSupport.h"; sourceTree = "<group>"; };
		C318C60C17AB90CB00AB4589 /* MagicalRecord+ShorthandSupport.m */ = {isa = PBXFileReference; fileEncoding = 4; lastKnownFileType = sourcecode.c.objc; path = "MagicalRecord+ShorthandSupport.m"; sourceTree = "<group>"; };
		C318C60D17AB90CB00AB4589 /* MagicalRecord.h */ = {isa = PBXFileReference; fileEncoding = 4; lastKnownFileType = sourcecode.c.h; path = MagicalRecord.h; sourceTree = "<group>"; };
		C318C60E17AB90CB00AB4589 /* MagicalRecord.m */ = {isa = PBXFileReference; fileEncoding = 4; lastKnownFileType = sourcecode.c.objc; path = MagicalRecord.m; sourceTree = "<group>"; };
		C318C60F17AB90CB00AB4589 /* MagicalRecordShorthand.h */ = {isa = PBXFileReference; fileEncoding = 4; lastKnownFileType = sourcecode.c.h; path = MagicalRecordShorthand.h; sourceTree = "<group>"; };
		C318C61017AB90CB00AB4589 /* CoreData+MagicalRecord.h */ = {isa = PBXFileReference; fileEncoding = 4; lastKnownFileType = sourcecode.c.h; path = "CoreData+MagicalRecord.h"; sourceTree = "<group>"; };
		C38E2C7517AA82800066AD19 /* Network.h */ = {isa = PBXFileReference; fileEncoding = 4; lastKnownFileType = sourcecode.c.h; path = Network.h; sourceTree = "<group>"; };
		C38E2C7617AA82800066AD19 /* Network.m */ = {isa = PBXFileReference; fileEncoding = 4; lastKnownFileType = sourcecode.c.objc; path = Network.m; sourceTree = "<group>"; };
		C39A82DA17AAB0CB00F1A976 /* People.h */ = {isa = PBXFileReference; fileEncoding = 4; lastKnownFileType = sourcecode.c.h; path = People.h; sourceTree = "<group>"; };
		C39A82DB17AAB0CB00F1A976 /* People.m */ = {isa = PBXFileReference; fileEncoding = 4; lastKnownFileType = sourcecode.c.objc; path = People.m; sourceTree = "<group>"; };
		C39ACBD817A8FEDF00253062 /* MCCoreData.app */ = {isa = PBXFileReference; explicitFileType = wrapper.application; includeInIndex = 0; path = MCCoreData.app; sourceTree = BUILT_PRODUCTS_DIR; };
		C39ACBDB17A8FEDF00253062 /* UIKit.framework */ = {isa = PBXFileReference; lastKnownFileType = wrapper.framework; name = UIKit.framework; path = System/Library/Frameworks/UIKit.framework; sourceTree = SDKROOT; };
		C39ACBDD17A8FEDF00253062 /* Foundation.framework */ = {isa = PBXFileReference; lastKnownFileType = wrapper.framework; name = Foundation.framework; path = System/Library/Frameworks/Foundation.framework; sourceTree = SDKROOT; };
		C39ACBDF17A8FEDF00253062 /* CoreGraphics.framework */ = {isa = PBXFileReference; lastKnownFileType = wrapper.framework; name = CoreGraphics.framework; path = System/Library/Frameworks/CoreGraphics.framework; sourceTree = SDKROOT; };
		C39ACBE317A8FEDF00253062 /* MCCoreData-Info.plist */ = {isa = PBXFileReference; lastKnownFileType = text.plist.xml; path = "MCCoreData-Info.plist"; sourceTree = "<group>"; };
		C39ACBE717A8FEDF00253062 /* main.m */ = {isa = PBXFileReference; lastKnownFileType = sourcecode.c.objc; path = main.m; sourceTree = "<group>"; };
		C39ACBE917A8FEDF00253062 /* MCCoreData-Prefix.pch */ = {isa = PBXFileReference; lastKnownFileType = sourcecode.c.h; path = "MCCoreData-Prefix.pch"; sourceTree = "<group>"; };
		C39ACC0217A8FFE100253062 /* ViewController.h */ = {isa = PBXFileReference; fileEncoding = 4; lastKnownFileType = sourcecode.c.h; path = ViewController.h; sourceTree = "<group>"; };
		C39ACC0317A8FFE100253062 /* ViewController.m */ = {isa = PBXFileReference; fileEncoding = 4; lastKnownFileType = sourcecode.c.objc; path = ViewController.m; sourceTree = "<group>"; };
		C39ACC0517A8FFE100253062 /* AppDelegate.h */ = {isa = PBXFileReference; fileEncoding = 4; lastKnownFileType = sourcecode.c.h; path = AppDelegate.h; sourceTree = "<group>"; };
		C39ACC0617A8FFE100253062 /* AppDelegate.m */ = {isa = PBXFileReference; fileEncoding = 4; lastKnownFileType = sourcecode.c.objc; path = AppDelegate.m; sourceTree = "<group>"; };
		C39ACC0B17A8FFE200253062 /* Default-568h@2x.png */ = {isa = PBXFileReference; lastKnownFileType = image.png; path = "Default-568h@2x.png"; sourceTree = "<group>"; };
		C39ACC0C17A8FFE200253062 /* Default.png */ = {isa = PBXFileReference; lastKnownFileType = image.png; path = Default.png; sourceTree = "<group>"; };
		C39ACC0D17A8FFE200253062 /* Default@2x.png */ = {isa = PBXFileReference; lastKnownFileType = image.png; path = "Default@2x.png"; sourceTree = "<group>"; };
		C39ACC1517A9002000253062 /* Main.storyboard */ = {isa = PBXFileReference; fileEncoding = 4; lastKnownFileType = file.storyboard; path = Main.storyboard; sourceTree = "<group>"; };
		C39ACC1D17A903E200253062 /* CoreData.framework */ = {isa = PBXFileReference; lastKnownFileType = wrapper.framework; name = CoreData.framework; path = System/Library/Frameworks/CoreData.framework; sourceTree = SDKROOT; };
		C39ACC2117A904D900253062 /* Model.xcdatamodel */ = {isa = PBXFileReference; lastKnownFileType = wrapper.xcdatamodel; path = Model.xcdatamodel; sourceTree = "<group>"; };
		C39ACC2C17A9135700253062 /* Models.h */ = {isa = PBXFileReference; fileEncoding = 4; lastKnownFileType = sourcecode.c.h; path = Models.h; sourceTree = "<group>"; };
/* End PBXFileReference section */

/* Begin PBXFrameworksBuildPhase section */
		C39ACBD517A8FEDF00253062 /* Frameworks */ = {
			isa = PBXFrameworksBuildPhase;
			buildActionMask = 2147483647;
			files = (
				C39ACC1E17A903E200253062 /* CoreData.framework in Frameworks */,
				C39ACBDC17A8FEDF00253062 /* UIKit.framework in Frameworks */,
				C39ACBDE17A8FEDF00253062 /* Foundation.framework in Frameworks */,
				C39ACBE017A8FEDF00253062 /* CoreGraphics.framework in Frameworks */,
			);
			runOnlyForDeploymentPostprocessing = 0;
		};
/* End PBXFrameworksBuildPhase section */

/* Begin PBXGroup section */
		C318C5D517AB90CA00AB4589 /* MagicalRecord */ = {
			isa = PBXGroup;
			children = (
				C318C5D617AB90CA00AB4589 /* Categories */,
				C318C60017AB90CB00AB4589 /* Core */,
				C318C61017AB90CB00AB4589 /* CoreData+MagicalRecord.h */,
			);
			path = MagicalRecord;
			sourceTree = "<group>";
		};
		C318C5D617AB90CA00AB4589 /* Categories */ = {
			isa = PBXGroup;
			children = (
				C318C5D717AB90CA00AB4589 /* DataImport */,
				C318C5E617AB90CA00AB4589 /* NSManagedObject */,
				C318C5F117AB90CA00AB4589 /* NSManagedObjectContext */,
				C318C5FA17AB90CA00AB4589 /* NSManagedObjectModel+MagicalRecord.h */,
				C318C5FB17AB90CA00AB4589 /* NSManagedObjectModel+MagicalRecord.m */,
				C318C5FC17AB90CA00AB4589 /* NSPersistentStore+MagicalRecord.h */,
				C318C5FD17AB90CB00AB4589 /* NSPersistentStore+MagicalRecord.m */,
				C318C5FE17AB90CB00AB4589 /* NSPersistentStoreCoordinator+MagicalRecord.h */,
				C318C5FF17AB90CB00AB4589 /* NSPersistentStoreCoordinator+MagicalRecord.m */,
			);
			path = Categories;
			sourceTree = "<group>";
		};
		C318C5D717AB90CA00AB4589 /* DataImport */ = {
			isa = PBXGroup;
			children = (
				C318C5D817AB90CA00AB4589 /* MagicalImportFunctions.h */,
				C318C5D917AB90CA00AB4589 /* MagicalImportFunctions.m */,
				C318C5DA17AB90CA00AB4589 /* NSAttributeDescription+MagicalDataImport.h */,
				C318C5DB17AB90CA00AB4589 /* NSAttributeDescription+MagicalDataImport.m */,
				C318C5DC17AB90CA00AB4589 /* NSEntityDescription+MagicalDataImport.h */,
				C318C5DD17AB90CA00AB4589 /* NSEntityDescription+MagicalDataImport.m */,
				C318C5DE17AB90CA00AB4589 /* NSNumber+MagicalDataImport.h */,
				C318C5DF17AB90CA00AB4589 /* NSNumber+MagicalDataImport.m */,
				C318C5E017AB90CA00AB4589 /* NSObject+MagicalDataImport.h */,
				C318C5E117AB90CA00AB4589 /* NSObject+MagicalDataImport.m */,
				C318C5E217AB90CA00AB4589 /* NSRelationshipDescription+MagicalDataImport.h */,
				C318C5E317AB90CA00AB4589 /* NSRelationshipDescription+MagicalDataImport.m */,
				C318C5E417AB90CA00AB4589 /* NSString+MagicalDataImport.h */,
				C318C5E517AB90CA00AB4589 /* NSString+MagicalDataImport.m */,
			);
			path = DataImport;
			sourceTree = "<group>";
		};
		C318C5E617AB90CA00AB4589 /* NSManagedObject */ = {
			isa = PBXGroup;
			children = (
				C318C5E717AB90CA00AB4589 /* NSManagedObject+MagicalAggregation.h */,
				C318C5E817AB90CA00AB4589 /* NSManagedObject+MagicalAggregation.m */,
				C318C5E917AB90CA00AB4589 /* NSManagedObject+MagicalDataImport.h */,
				C318C5EA17AB90CA00AB4589 /* NSManagedObject+MagicalDataImport.m */,
				C318C5EB17AB90CA00AB4589 /* NSManagedObject+MagicalFinders.h */,
				C318C5EC17AB90CA00AB4589 /* NSManagedObject+MagicalFinders.m */,
				C318C5ED17AB90CA00AB4589 /* NSManagedObject+MagicalRecord.h */,
				C318C5EE17AB90CA00AB4589 /* NSManagedObject+MagicalRecord.m */,
				C318C5EF17AB90CA00AB4589 /* NSManagedObject+MagicalRequests.h */,
				C318C5F017AB90CA00AB4589 /* NSManagedObject+MagicalRequests.m */,
			);
			path = NSManagedObject;
			sourceTree = "<group>";
		};
		C318C5F117AB90CA00AB4589 /* NSManagedObjectContext */ = {
			isa = PBXGroup;
			children = (
				C318C5F217AB90CA00AB4589 /* NSManagedObjectContext+MagicalObserving.h */,
				C318C5F317AB90CA00AB4589 /* NSManagedObjectContext+MagicalObserving.m */,
				C318C5F417AB90CA00AB4589 /* NSManagedObjectContext+MagicalRecord.h */,
				C318C5F517AB90CA00AB4589 /* NSManagedObjectContext+MagicalRecord.m */,
				C318C5F617AB90CA00AB4589 /* NSManagedObjectContext+MagicalSaves.h */,
				C318C5F717AB90CA00AB4589 /* NSManagedObjectContext+MagicalSaves.m */,
				C318C5F817AB90CA00AB4589 /* NSManagedObjectContext+MagicalThreading.h */,
				C318C5F917AB90CA00AB4589 /* NSManagedObjectContext+MagicalThreading.m */,
			);
			path = NSManagedObjectContext;
			sourceTree = "<group>";
		};
		C318C60017AB90CB00AB4589 /* Core */ = {
			isa = PBXGroup;
			children = (
				C318C60117AB90CB00AB4589 /* MagicalRecord+Actions.h */,
				C318C60217AB90CB00AB4589 /* MagicalRecord+Actions.m */,
				C318C60317AB90CB00AB4589 /* MagicalRecord+ErrorHandling.h */,
				C318C60417AB90CB00AB4589 /* MagicalRecord+ErrorHandling.m */,
				C318C60517AB90CB00AB4589 /* MagicalRecord+iCloud.h */,
				C318C60617AB90CB00AB4589 /* MagicalRecord+iCloud.m */,
				C318C60717AB90CB00AB4589 /* MagicalRecord+Options.h */,
				C318C60817AB90CB00AB4589 /* MagicalRecord+Options.m */,
				C318C60917AB90CB00AB4589 /* MagicalRecord+Setup.h */,
				C318C60A17AB90CB00AB4589 /* MagicalRecord+Setup.m */,
				C318C60B17AB90CB00AB4589 /* MagicalRecord+ShorthandSupport.h */,
				C318C60C17AB90CB00AB4589 /* MagicalRecord+ShorthandSupport.m */,
				C318C60D17AB90CB00AB4589 /* MagicalRecord.h */,
				C318C60E17AB90CB00AB4589 /* MagicalRecord.m */,
				C318C60F17AB90CB00AB4589 /* MagicalRecordShorthand.h */,
			);
			path = Core;
			sourceTree = "<group>";
		};
		C39ACBCF17A8FEDF00253062 = {
			isa = PBXGroup;
			children = (
				C39ACBE117A8FEDF00253062 /* MCCoreData */,
				C39ACBDA17A8FEDF00253062 /* Frameworks */,
				C39ACBD917A8FEDF00253062 /* Products */,
			);
			sourceTree = "<group>";
		};
		C39ACBD917A8FEDF00253062 /* Products */ = {
			isa = PBXGroup;
			children = (
				C39ACBD817A8FEDF00253062 /* MCCoreData.app */,
			);
			name = Products;
			sourceTree = "<group>";
		};
		C39ACBDA17A8FEDF00253062 /* Frameworks */ = {
			isa = PBXGroup;
			children = (
				C39ACC1D17A903E200253062 /* CoreData.framework */,
				C39ACBDB17A8FEDF00253062 /* UIKit.framework */,
				C39ACBDD17A8FEDF00253062 /* Foundation.framework */,
				C39ACBDF17A8FEDF00253062 /* CoreGraphics.framework */,
			);
			name = Frameworks;
			sourceTree = "<group>";
		};
		C39ACBE117A8FEDF00253062 /* MCCoreData */ = {
			isa = PBXGroup;
			children = (
				C39ACC1F17A904A500253062 /* Models */,
				C39ACC1417A9002000253062 /* Storyboards */,
				C39ACC0117A8FFE100253062 /* Controllers */,
				C39ACC0417A8FFE100253062 /* Delegate */,
				C39ACC0717A8FFE100253062 /* Libs */,
				C39ACC0A17A8FFE200253062 /* Resources */,
				C39ACBE217A8FEDF00253062 /* Supporting Files */,
			);
			path = MCCoreData;
			sourceTree = "<group>";
		};
		C39ACBE217A8FEDF00253062 /* Supporting Files */ = {
			isa = PBXGroup;
			children = (
				C39ACBE317A8FEDF00253062 /* MCCoreData-Info.plist */,
				C39ACBE717A8FEDF00253062 /* main.m */,
				C39ACBE917A8FEDF00253062 /* MCCoreData-Prefix.pch */,
			);
			name = "Supporting Files";
			sourceTree = "<group>";
		};
		C39ACC0117A8FFE100253062 /* Controllers */ = {
			isa = PBXGroup;
			children = (
				C39ACC0217A8FFE100253062 /* ViewController.h */,
				C39ACC0317A8FFE100253062 /* ViewController.m */,
			);
			path = Controllers;
			sourceTree = "<group>";
		};
		C39ACC0417A8FFE100253062 /* Delegate */ = {
			isa = PBXGroup;
			children = (
				C39ACC0517A8FFE100253062 /* AppDelegate.h */,
				C39ACC0617A8FFE100253062 /* AppDelegate.m */,
			);
			path = Delegate;
			sourceTree = "<group>";
		};
		C39ACC0717A8FFE100253062 /* Libs */ = {
			isa = PBXGroup;
			children = (
				C318C5D517AB90CA00AB4589 /* MagicalRecord */,
			);
			path = Libs;
			sourceTree = "<group>";
		};
		C39ACC0A17A8FFE200253062 /* Resources */ = {
			isa = PBXGroup;
			children = (
				C39ACC0B17A8FFE200253062 /* Default-568h@2x.png */,
				C39ACC0C17A8FFE200253062 /* Default.png */,
				C39ACC0D17A8FFE200253062 /* Default@2x.png */,
			);
			path = Resources;
			sourceTree = "<group>";
		};
		C39ACC1417A9002000253062 /* Storyboards */ = {
			isa = PBXGroup;
			children = (
				C39ACC1517A9002000253062 /* Main.storyboard */,
			);
			path = Storyboards;
			sourceTree = "<group>";
		};
		C39ACC1F17A904A500253062 /* Models */ = {
			isa = PBXGroup;
			children = (
				C39ACC2C17A9135700253062 /* Models.h */,
				C39ACC2017A904D900253062 /* Model.xcdatamodeld */,
				C39A82DA17AAB0CB00F1A976 /* People.h */,
				C39A82DB17AAB0CB00F1A976 /* People.m */,
				C38E2C7517AA82800066AD19 /* Network.h */,
				C38E2C7617AA82800066AD19 /* Network.m */,
			);
			path = Models;
			sourceTree = "<group>";
		};
/* End PBXGroup section */

/* Begin PBXNativeTarget section */
		C39ACBD717A8FEDF00253062 /* MCCoreData */ = {
			isa = PBXNativeTarget;
			buildConfigurationList = C39ACBFE17A8FEE000253062 /* Build configuration list for PBXNativeTarget "MCCoreData" */;
			buildPhases = (
				C39ACBD417A8FEDF00253062 /* Sources */,
				C39ACBD517A8FEDF00253062 /* Frameworks */,
				C39ACBD617A8FEDF00253062 /* Resources */,
			);
			buildRules = (
			);
			dependencies = (
			);
			name = MCCoreData;
			productName = MCCoreData;
			productReference = C39ACBD817A8FEDF00253062 /* MCCoreData.app */;
			productType = "com.apple.product-type.application";
		};
/* End PBXNativeTarget section */

/* Begin PBXProject section */
		C39ACBD017A8FEDF00253062 /* Project object */ = {
			isa = PBXProject;
			attributes = {
				LastUpgradeCheck = 0460;
				ORGANIZATIONNAME = "Администратор";
			};
			buildConfigurationList = C39ACBD317A8FEDF00253062 /* Build configuration list for PBXProject "MCCoreData" */;
			compatibilityVersion = "Xcode 3.2";
			developmentRegion = English;
			hasScannedForEncodings = 0;
			knownRegions = (
				en,
			);
			mainGroup = C39ACBCF17A8FEDF00253062;
			productRefGroup = C39ACBD917A8FEDF00253062 /* Products */;
			projectDirPath = "";
			projectRoot = "";
			targets = (
				C39ACBD717A8FEDF00253062 /* MCCoreData */,
			);
		};
/* End PBXProject section */

/* Begin PBXResourcesBuildPhase section */
		C39ACBD617A8FEDF00253062 /* Resources */ = {
			isa = PBXResourcesBuildPhase;
			buildActionMask = 2147483647;
			files = (
				C39ACC1117A8FFE200253062 /* Default-568h@2x.png in Resources */,
				C39ACC1217A8FFE200253062 /* Default.png in Resources */,
				C39ACC1317A8FFE200253062 /* Default@2x.png in Resources */,
				C39ACC1617A9002000253062 /* Main.storyboard in Resources */,
			);
			runOnlyForDeploymentPostprocessing = 0;
		};
/* End PBXResourcesBuildPhase section */

/* Begin PBXSourcesBuildPhase section */
		C39ACBD417A8FEDF00253062 /* Sources */ = {
			isa = PBXSourcesBuildPhase;
			buildActionMask = 2147483647;
			files = (
				C39ACBE817A8FEDF00253062 /* main.m in Sources */,
				C39ACC0E17A8FFE200253062 /* ViewController.m in Sources */,
				C39ACC0F17A8FFE200253062 /* AppDelegate.m in Sources */,
				C39ACC2217A904D900253062 /* Model.xcdatamodeld in Sources */,
				C38E2C7717AA82800066AD19 /* Network.m in Sources */,
				C39A82DC17AAB0CB00F1A976 /* People.m in Sources */,
				C318C61117AB90CB00AB4589 /* MagicalImportFunctions.m in Sources */,
				C318C61217AB90CB00AB4589 /* NSAttributeDescription+MagicalDataImport.m in Sources */,
				C318C61317AB90CB00AB4589 /* NSEntityDescription+MagicalDataImport.m in Sources */,
				C318C61417AB90CB00AB4589 /* NSNumber+MagicalDataImport.m in Sources */,
				C318C61517AB90CB00AB4589 /* NSObject+MagicalDataImport.m in Sources */,
				C318C61617AB90CB00AB4589 /* NSRelationshipDescription+MagicalDataImport.m in Sources */,
				C318C61717AB90CB00AB4589 /* NSString+MagicalDataImport.m in Sources */,
				C318C61817AB90CB00AB4589 /* NSManagedObject+MagicalAggregation.m in Sources */,
				C318C61917AB90CB00AB4589 /* NSManagedObject+MagicalDataImport.m in Sources */,
				C318C61A17AB90CB00AB4589 /* NSManagedObject+MagicalFinders.m in Sources */,
				C318C61B17AB90CB00AB4589 /* NSManagedObject+MagicalRecord.m in Sources */,
				C318C61C17AB90CB00AB4589 /* NSManagedObject+MagicalRequests.m in Sources */,
				C318C61D17AB90CB00AB4589 /* NSManagedObjectContext+MagicalObserving.m in Sources */,
				C318C61E17AB90CB00AB4589 /* NSManagedObjectContext+MagicalRecord.m in Sources */,
				C318C61F17AB90CB00AB4589 /* NSManagedObjectContext+MagicalSaves.m in Sources */,
				C318C62017AB90CB00AB4589 /* NSManagedObjectContext+MagicalThreading.m in Sources */,
				C318C62117AB90CB00AB4589 /* NSManagedObjectModel+MagicalRecord.m in Sources */,
				C318C62217AB90CB00AB4589 /* NSPersistentStore+MagicalRecord.m in Sources */,
				C318C62317AB90CB00AB4589 /* NSPersistentStoreCoordinator+MagicalRecord.m in Sources */,
				C318C62417AB90CB00AB4589 /* MagicalRecord+Actions.m in Sources */,
				C318C62517AB90CB00AB4589 /* MagicalRecord+ErrorHandling.m in Sources */,
				C318C62617AB90CB00AB4589 /* MagicalRecord+iCloud.m in Sources */,
				C318C62717AB90CB00AB4589 /* MagicalRecord+Options.m in Sources */,
				C318C62817AB90CB00AB4589 /* MagicalRecord+Setup.m in Sources */,
				C318C62917AB90CB00AB4589 /* MagicalRecord+ShorthandSupport.m in Sources */,
				C318C62A17AB90CB00AB4589 /* MagicalRecord.m in Sources */,
			);
			runOnlyForDeploymentPostprocessing = 0;
		};
/* End PBXSourcesBuildPhase section */

/* Begin XCBuildConfiguration section */
		C39ACBFC17A8FEE000253062 /* Debug */ = {
			isa = XCBuildConfiguration;
			buildSettings = {
				ALWAYS_SEARCH_USER_PATHS = NO;
				CLANG_CXX_LANGUAGE_STANDARD = "gnu++0x";
				CLANG_CXX_LIBRARY = "libc++";
				CLANG_ENABLE_OBJC_ARC = YES;
				CLANG_WARN_CONSTANT_CONVERSION = YES;
				CLANG_WARN_EMPTY_BODY = YES;
				CLANG_WARN_ENUM_CONVERSION = YES;
				CLANG_WARN_INT_CONVERSION = YES;
				CLANG_WARN__DUPLICATE_METHOD_MATCH = YES;
				"CODE_SIGN_IDENTITY[sdk=iphoneos*]" = "iPhone Developer";
				COPY_PHASE_STRIP = NO;
				GCC_C_LANGUAGE_STANDARD = gnu99;
				GCC_DYNAMIC_NO_PIC = NO;
				GCC_OPTIMIZATION_LEVEL = 0;
				GCC_PREPROCESSOR_DEFINITIONS = (
					"DEBUG=1",
					"$(inherited)",
				);
				GCC_SYMBOLS_PRIVATE_EXTERN = NO;
				GCC_WARN_ABOUT_RETURN_TYPE = YES;
				GCC_WARN_UNINITIALIZED_AUTOS = YES;
				GCC_WARN_UNUSED_VARIABLE = YES;
				IPHONEOS_DEPLOYMENT_TARGET = 6.1;
				ONLY_ACTIVE_ARCH = YES;
				SDKROOT = iphoneos;
				TARGETED_DEVICE_FAMILY = "1,2";
			};
			name = Debug;
		};
		C39ACBFD17A8FEE000253062 /* Release */ = {
			isa = XCBuildConfiguration;
			buildSettings = {
				ALWAYS_SEARCH_USER_PATHS = NO;
				CLANG_CXX_LANGUAGE_STANDARD = "gnu++0x";
				CLANG_CXX_LIBRARY = "libc++";
				CLANG_ENABLE_OBJC_ARC = YES;
				CLANG_WARN_CONSTANT_CONVERSION = YES;
				CLANG_WARN_EMPTY_BODY = YES;
				CLANG_WARN_ENUM_CONVERSION = YES;
				CLANG_WARN_INT_CONVERSION = YES;
				CLANG_WARN__DUPLICATE_METHOD_MATCH = YES;
				"CODE_SIGN_IDENTITY[sdk=iphoneos*]" = "iPhone Developer";
				COPY_PHASE_STRIP = YES;
				GCC_C_LANGUAGE_STANDARD = gnu99;
				GCC_WARN_ABOUT_RETURN_TYPE = YES;
				GCC_WARN_UNINITIALIZED_AUTOS = YES;
				GCC_WARN_UNUSED_VARIABLE = YES;
				IPHONEOS_DEPLOYMENT_TARGET = 6.1;
				OTHER_CFLAGS = "-DNS_BLOCK_ASSERTIONS=1";
				SDKROOT = iphoneos;
				TARGETED_DEVICE_FAMILY = "1,2";
				VALIDATE_PRODUCT = YES;
			};
			name = Release;
		};
		C39ACBFF17A8FEE000253062 /* Debug */ = {
			isa = XCBuildConfiguration;
			buildSettings = {
				GCC_PRECOMPILE_PREFIX_HEADER = YES;
				GCC_PREFIX_HEADER = "MCCoreData/MCCoreData-Prefix.pch";
				INFOPLIST_FILE = "MCCoreData/MCCoreData-Info.plist";
				PRODUCT_NAME = "$(TARGET_NAME)";
				WRAPPER_EXTENSION = app;
			};
			name = Debug;
		};
		C39ACC0017A8FEE000253062 /* Release */ = {
			isa = XCBuildConfiguration;
			buildSettings = {
				GCC_PRECOMPILE_PREFIX_HEADER = YES;
				GCC_PREFIX_HEADER = "MCCoreData/MCCoreData-Prefix.pch";
				INFOPLIST_FILE = "MCCoreData/MCCoreData-Info.plist";
				PRODUCT_NAME = "$(TARGET_NAME)";
				WRAPPER_EXTENSION = app;
			};
			name = Release;
		};
/* End XCBuildConfiguration section */

/* Begin XCConfigurationList section */
		C39ACBD317A8FEDF00253062 /* Build configuration list for PBXProject "MCCoreData" */ = {
			isa = XCConfigurationList;
			buildConfigurations = (
				C39ACBFC17A8FEE000253062 /* Debug */,
				C39ACBFD17A8FEE000253062 /* Release */,
			);
			defaultConfigurationIsVisible = 0;
			defaultConfigurationName = Release;
		};
		C39ACBFE17A8FEE000253062 /* Build configuration list for PBXNativeTarget "MCCoreData" */ = {
			isa = XCConfigurationList;
			buildConfigurations = (
				C39ACBFF17A8FEE000253062 /* Debug */,
				C39ACC0017A8FEE000253062 /* Release */,
			);
			defaultConfigurationIsVisible = 0;
			defaultConfigurationName = Release;
		};
/* End XCConfigurationList section */

/* Begin XCVersionGroup section */
		C39ACC2017A904D900253062 /* Model.xcdatamodeld */ = {
			isa = XCVersionGroup;
			children = (
				C39ACC2117A904D900253062 /* Model.xcdatamodel */,
			);
			currentVersion = C39ACC2117A904D900253062 /* Model.xcdatamodel */;
			path = Model.xcdatamodeld;
			sourceTree = "<group>";
			versionGroupType = wrapper.xcdatamodel;
		};
/* End XCVersionGroup section */
	};
	rootObject = C39ACBD017A8FEDF00253062 /* Project object */;
}
