// !$*UTF8*$!
{
	archiveVersion = 1;
	classes = {
	};
	objectVersion = 46;
	objects = {

/* Begin PBXBuildFile section */
		C38E2C7717AA82800066AD19 /* Network.m in Sources */ = {isa = PBXBuildFile; fileRef = C38E2C7617AA82800066AD19 /* Network.m */; };
		C38E2C7A17AA82BA0066AD19 /* People.m in Sources */ = {isa = PBXBuildFile; fileRef = C38E2C7917AA82B90066AD19 /* People.m */; };
		C39ACBDC17A8FEDF00253062 /* UIKit.framework in Frameworks */ = {isa = PBXBuildFile; fileRef = C39ACBDB17A8FEDF00253062 /* UIKit.framework */; };
		C39ACBDE17A8FEDF00253062 /* Foundation.framework in Frameworks */ = {isa = PBXBuildFile; fileRef = C39ACBDD17A8FEDF00253062 /* Foundation.framework */; };
		C39ACBE017A8FEDF00253062 /* CoreGraphics.framework in Frameworks */ = {isa = PBXBuildFile; fileRef = C39ACBDF17A8FEDF00253062 /* CoreGraphics.framework */; };
		C39ACBE817A8FEDF00253062 /* main.m in Sources */ = {isa = PBXBuildFile; fileRef = C39ACBE717A8FEDF00253062 /* main.m */; };
		C39ACC0E17A8FFE200253062 /* ViewController.m in Sources */ = {isa = PBXBuildFile; fileRef = C39ACC0317A8FFE100253062 /* ViewController.m */; };
		C39ACC0F17A8FFE200253062 /* AppDelegate.m in Sources */ = {isa = PBXBuildFile; fileRef = C39ACC0617A8FFE100253062 /* AppDelegate.m */; };
		C39ACC1117A8FFE200253062 /* Default-568h@2x.png in Resources */ = {isa = PBXBuildFile; fileRef = C39ACC0B17A8FFE200253062 /* Default-568h@2x.png */; };
		C39ACC1217A8FFE200253062 /* Default.png in Resources */ = {isa = PBXBuildFile; fileRef = C39ACC0C17A8FFE200253062 /* Default.png */; };
		C39ACC1317A8FFE200253062 /* Default@2x.png in Resources */ = {isa = PBXBuildFile; fileRef = C39ACC0D17A8FFE200253062 /* Default@2x.png */; };
		C39ACC1617A9002000253062 /* Main.storyboard in Resources */ = {isa = PBXBuildFile; fileRef = C39ACC1517A9002000253062 /* Main.storyboard */; };
		C39ACC1B17A9038700253062 /* MCCoreData.m in Sources */ = {isa = PBXBuildFile; fileRef = C39ACC1817A9038700253062 /* MCCoreData.m */; };
		C39ACC1E17A903E200253062 /* CoreData.framework in Frameworks */ = {isa = PBXBuildFile; fileRef = C39ACC1D17A903E200253062 /* CoreData.framework */; };
		C39ACC2217A904D900253062 /* Model.xcdatamodeld in Sources */ = {isa = PBXBuildFile; fileRef = C39ACC2017A904D900253062 /* Model.xcdatamodeld */; };
		C39ACC2F17A9147000253062 /* MCCoreDataManager.m in Sources */ = {isa = PBXBuildFile; fileRef = C39ACC2E17A9147000253062 /* MCCoreDataManager.m */; };
/* End PBXBuildFile section */

/* Begin PBXFileReference section */
		C38E2C7517AA82800066AD19 /* Network.h */ = {isa = PBXFileReference; fileEncoding = 4; lastKnownFileType = sourcecode.c.h; path = Network.h; sourceTree = "<group>"; };
		C38E2C7617AA82800066AD19 /* Network.m */ = {isa = PBXFileReference; fileEncoding = 4; lastKnownFileType = sourcecode.c.objc; path = Network.m; sourceTree = "<group>"; };
		C38E2C7817AA82B90066AD19 /* People.h */ = {isa = PBXFileReference; fileEncoding = 4; lastKnownFileType = sourcecode.c.h; name = People.h; path = ../Libs/MCCoreData/People.h; sourceTree = "<group>"; };
		C38E2C7917AA82B90066AD19 /* People.m */ = {isa = PBXFileReference; fileEncoding = 4; lastKnownFileType = sourcecode.c.objc; name = People.m; path = ../Libs/MCCoreData/People.m; sourceTree = "<group>"; };
		C39ACBD817A8FEDF00253062 /* MCCoreData.app */ = {isa = PBXFileReference; explicitFileType = wrapper.application; includeInIndex = 0; path = MCCoreData.app; sourceTree = BUILT_PRODUCTS_DIR; };
		C39ACBDB17A8FEDF00253062 /* UIKit.framework */ = {isa = PBXFileReference; lastKnownFileType = wrapper.framework; name = UIKit.framework; path = System/Library/Frameworks/UIKit.framework; sourceTree = SDKROOT; };
		C39ACBDD17A8FEDF00253062 /* Foundation.framework */ = {isa = PBXFileReference; lastKnownFileType = wrapper.framework; name = Foundation.framework; path = System/Library/Frameworks/Foundation.framework; sourceTree = SDKROOT; };
		C39ACBDF17A8FEDF00253062 /* CoreGraphics.framework */ = {isa = PBXFileReference; lastKnownFileType = wrapper.framework; name = CoreGraphics.framework; path = System/Library/Frameworks/CoreGraphics.framework; sourceTree = SDKROOT; };
		C39ACBE317A8FEDF00253062 /* MCCoreData-Info.plist */ = {isa = PBXFileReference; lastKnownFileType = text.plist.xml; path = "MCCoreData-Info.plist"; sourceTree = "<group>"; };
		C39ACBE717A8FEDF00253062 /* main.m */ = {isa = PBXFileReference; lastKnownFileType = sourcecode.c.objc; path = main.m; sourceTree = "<group>"; };
		C39ACBE917A8FEDF00253062 /* MCCoreData-Prefix.pch */ = {isa = PBXFileReference; lastKnownFileType = sourcecode.c.h; path = "MCCoreData-Prefix.pch"; sourceTree = "<group>"; };
		C39ACC0217A8FFE100253062 /* ViewController.h */ = {isa = PBXFileReference; fileEncoding = 4; lastKnownFileType = sourcecode.c.h; path = ViewController.h; sourceTree = "<group>"; };
		C39ACC0317A8FFE100253062 /* ViewController.m */ = {isa = PBXFileReference; fileEncoding = 4; lastKnownFileType = sourcecode.c.objc; path = ViewController.m; sourceTree = "<group>"; };
		C39ACC0517A8FFE100253062 /* AppDelegate.h */ = {isa = PBXFileReference; fileEncoding = 4; lastKnownFileType = sourcecode.c.h; path = AppDelegate.h; sourceTree = "<group>"; };
		C39ACC0617A8FFE100253062 /* AppDelegate.m */ = {isa = PBXFileReference; fileEncoding = 4; lastKnownFileType = sourcecode.c.objc; path = AppDelegate.m; sourceTree = "<group>"; };
		C39ACC0B17A8FFE200253062 /* Default-568h@2x.png */ = {isa = PBXFileReference; lastKnownFileType = image.png; path = "Default-568h@2x.png"; sourceTree = "<group>"; };
		C39ACC0C17A8FFE200253062 /* Default.png */ = {isa = PBXFileReference; lastKnownFileType = image.png; path = Default.png; sourceTree = "<group>"; };
		C39ACC0D17A8FFE200253062 /* Default@2x.png */ = {isa = PBXFileReference; lastKnownFileType = image.png; path = "Default@2x.png"; sourceTree = "<group>"; };
		C39ACC1517A9002000253062 /* Main.storyboard */ = {isa = PBXFileReference; fileEncoding = 4; lastKnownFileType = file.storyboard; path = Main.storyboard; sourceTree = "<group>"; };
		C39ACC1717A9038700253062 /* MCCoreData.h */ = {isa = PBXFileReference; fileEncoding = 4; lastKnownFileType = sourcecode.c.h; path = MCCoreData.h; sourceTree = "<group>"; };
		C39ACC1817A9038700253062 /* MCCoreData.m */ = {isa = PBXFileReference; fileEncoding = 4; lastKnownFileType = sourcecode.c.objc; path = MCCoreData.m; sourceTree = "<group>"; };
		C39ACC1D17A903E200253062 /* CoreData.framework */ = {isa = PBXFileReference; lastKnownFileType = wrapper.framework; name = CoreData.framework; path = System/Library/Frameworks/CoreData.framework; sourceTree = SDKROOT; };
		C39ACC2117A904D900253062 /* Model.xcdatamodel */ = {isa = PBXFileReference; lastKnownFileType = wrapper.xcdatamodel; path = Model.xcdatamodel; sourceTree = "<group>"; };
		C39ACC2C17A9135700253062 /* Models.h */ = {isa = PBXFileReference; fileEncoding = 4; lastKnownFileType = sourcecode.c.h; path = Models.h; sourceTree = "<group>"; };
		C39ACC2D17A9147000253062 /* MCCoreDataManager.h */ = {isa = PBXFileReference; fileEncoding = 4; lastKnownFileType = sourcecode.c.h; path = MCCoreDataManager.h; sourceTree = "<group>"; };
		C39ACC2E17A9147000253062 /* MCCoreDataManager.m */ = {isa = PBXFileReference; fileEncoding = 4; lastKnownFileType = sourcecode.c.objc; path = MCCoreDataManager.m; sourceTree = "<group>"; };
/* End PBXFileReference section */

/* Begin PBXFrameworksBuildPhase section */
		C39ACBD517A8FEDF00253062 /* Frameworks */ = {
			isa = PBXFrameworksBuildPhase;
			buildActionMask = 2147483647;
			files = (
				C39ACC1E17A903E200253062 /* CoreData.framework in Frameworks */,
				C39ACBDC17A8FEDF00253062 /* UIKit.framework in Frameworks */,
				C39ACBDE17A8FEDF00253062 /* Foundation.framework in Frameworks */,
				C39ACBE017A8FEDF00253062 /* CoreGraphics.framework in Frameworks */,
			);
			runOnlyForDeploymentPostprocessing = 0;
		};
/* End PBXFrameworksBuildPhase section */

/* Begin PBXGroup section */
		C39ACBCF17A8FEDF00253062 = {
			isa = PBXGroup;
			children = (
				C39ACBE117A8FEDF00253062 /* MCCoreData */,
				C39ACBDA17A8FEDF00253062 /* Frameworks */,
				C39ACBD917A8FEDF00253062 /* Products */,
			);
			sourceTree = "<group>";
		};
		C39ACBD917A8FEDF00253062 /* Products */ = {
			isa = PBXGroup;
			children = (
				C39ACBD817A8FEDF00253062 /* MCCoreData.app */,
			);
			name = Products;
			sourceTree = "<group>";
		};
		C39ACBDA17A8FEDF00253062 /* Frameworks */ = {
			isa = PBXGroup;
			children = (
				C39ACC1D17A903E200253062 /* CoreData.framework */,
				C39ACBDB17A8FEDF00253062 /* UIKit.framework */,
				C39ACBDD17A8FEDF00253062 /* Foundation.framework */,
				C39ACBDF17A8FEDF00253062 /* CoreGraphics.framework */,
			);
			name = Frameworks;
			sourceTree = "<group>";
		};
		C39ACBE117A8FEDF00253062 /* MCCoreData */ = {
			isa = PBXGroup;
			children = (
				C39ACC1F17A904A500253062 /* Models */,
				C39ACC1417A9002000253062 /* Storyboards */,
				C39ACC0117A8FFE100253062 /* Controllers */,
				C39ACC0417A8FFE100253062 /* Delegate */,
				C39ACC0717A8FFE100253062 /* Libs */,
				C39ACC0A17A8FFE200253062 /* Resources */,
				C39ACBE217A8FEDF00253062 /* Supporting Files */,
			);
			path = MCCoreData;
			sourceTree = "<group>";
		};
		C39ACBE217A8FEDF00253062 /* Supporting Files */ = {
			isa = PBXGroup;
			children = (
				C39ACBE317A8FEDF00253062 /* MCCoreData-Info.plist */,
				C39ACBE717A8FEDF00253062 /* main.m */,
				C39ACBE917A8FEDF00253062 /* MCCoreData-Prefix.pch */,
			);
			name = "Supporting Files";
			sourceTree = "<group>";
		};
		C39ACC0117A8FFE100253062 /* Controllers */ = {
			isa = PBXGroup;
			children = (
				C39ACC0217A8FFE100253062 /* ViewController.h */,
				C39ACC0317A8FFE100253062 /* ViewController.m */,
			);
			path = Controllers;
			sourceTree = "<group>";
		};
		C39ACC0417A8FFE100253062 /* Delegate */ = {
			isa = PBXGroup;
			children = (
				C39ACC0517A8FFE100253062 /* AppDelegate.h */,
				C39ACC0617A8FFE100253062 /* AppDelegate.m */,
			);
			path = Delegate;
			sourceTree = "<group>";
		};
		C39ACC0717A8FFE100253062 /* Libs */ = {
			isa = PBXGroup;
			children = (
				C39ACC0817A8FFE100253062 /* MCCoreData */,
			);
			path = Libs;
			sourceTree = "<group>";
		};
		C39ACC0817A8FFE100253062 /* MCCoreData */ = {
			isa = PBXGroup;
			children = (
				C39ACC2D17A9147000253062 /* MCCoreDataManager.h */,
				C39ACC2E17A9147000253062 /* MCCoreDataManager.m */,
				C39ACC1717A9038700253062 /* MCCoreData.h */,
				C39ACC1817A9038700253062 /* MCCoreData.m */,
			);
			path = MCCoreData;
			sourceTree = "<group>";
		};
		C39ACC0A17A8FFE200253062 /* Resources */ = {
			isa = PBXGroup;
			children = (
				C39ACC0B17A8FFE200253062 /* Default-568h@2x.png */,
				C39ACC0C17A8FFE200253062 /* Default.png */,
				C39ACC0D17A8FFE200253062 /* Default@2x.png */,
			);
			path = Resources;
			sourceTree = "<group>";
		};
		C39ACC1417A9002000253062 /* Storyboards */ = {
			isa = PBXGroup;
			children = (
				C39ACC1517A9002000253062 /* Main.storyboard */,
			);
			path = Storyboards;
			sourceTree = "<group>";
		};
		C39ACC1F17A904A500253062 /* Models */ = {
			isa = PBXGroup;
			children = (
				C38E2C7817AA82B90066AD19 /* People.h */,
				C38E2C7917AA82B90066AD19 /* People.m */,
				C39ACC2C17A9135700253062 /* Models.h */,
				C39ACC2017A904D900253062 /* Model.xcdatamodeld */,
				C38E2C7517AA82800066AD19 /* Network.h */,
				C38E2C7617AA82800066AD19 /* Network.m */,
			);
			path = Models;
			sourceTree = "<group>";
		};
/* End PBXGroup section */

/* Begin PBXNativeTarget section */
		C39ACBD717A8FEDF00253062 /* MCCoreData */ = {
			isa = PBXNativeTarget;
			buildConfigurationList = C39ACBFE17A8FEE000253062 /* Build configuration list for PBXNativeTarget "MCCoreData" */;
			buildPhases = (
				C39ACBD417A8FEDF00253062 /* Sources */,
				C39ACBD517A8FEDF00253062 /* Frameworks */,
				C39ACBD617A8FEDF00253062 /* Resources */,
			);
			buildRules = (
			);
			dependencies = (
			);
			name = MCCoreData;
			productName = MCCoreData;
			productReference = C39ACBD817A8FEDF00253062 /* MCCoreData.app */;
			productType = "com.apple.product-type.application";
		};
/* End PBXNativeTarget section */

/* Begin PBXProject section */
		C39ACBD017A8FEDF00253062 /* Project object */ = {
			isa = PBXProject;
			attributes = {
				LastUpgradeCheck = 0460;
				ORGANIZATIONNAME = "Администратор";
			};
			buildConfigurationList = C39ACBD317A8FEDF00253062 /* Build configuration list for PBXProject "MCCoreData" */;
			compatibilityVersion = "Xcode 3.2";
			developmentRegion = English;
			hasScannedForEncodings = 0;
			knownRegions = (
				en,
			);
			mainGroup = C39ACBCF17A8FEDF00253062;
			productRefGroup = C39ACBD917A8FEDF00253062 /* Products */;
			projectDirPath = "";
			projectRoot = "";
			targets = (
				C39ACBD717A8FEDF00253062 /* MCCoreData */,
			);
		};
/* End PBXProject section */

/* Begin PBXResourcesBuildPhase section */
		C39ACBD617A8FEDF00253062 /* Resources */ = {
			isa = PBXResourcesBuildPhase;
			buildActionMask = 2147483647;
			files = (
				C39ACC1117A8FFE200253062 /* Default-568h@2x.png in Resources */,
				C39ACC1217A8FFE200253062 /* Default.png in Resources */,
				C39ACC1317A8FFE200253062 /* Default@2x.png in Resources */,
				C39ACC1617A9002000253062 /* Main.storyboard in Resources */,
			);
			runOnlyForDeploymentPostprocessing = 0;
		};
/* End PBXResourcesBuildPhase section */

/* Begin PBXSourcesBuildPhase section */
		C39ACBD417A8FEDF00253062 /* Sources */ = {
			isa = PBXSourcesBuildPhase;
			buildActionMask = 2147483647;
			files = (
				C39ACBE817A8FEDF00253062 /* main.m in Sources */,
				C39ACC0E17A8FFE200253062 /* ViewController.m in Sources */,
				C39ACC0F17A8FFE200253062 /* AppDelegate.m in Sources */,
				C39ACC1B17A9038700253062 /* MCCoreData.m in Sources */,
				C39ACC2217A904D900253062 /* Model.xcdatamodeld in Sources */,
				C39ACC2F17A9147000253062 /* MCCoreDataManager.m in Sources */,
				C38E2C7717AA82800066AD19 /* Network.m in Sources */,
				C38E2C7A17AA82BA0066AD19 /* People.m in Sources */,
			);
			runOnlyForDeploymentPostprocessing = 0;
		};
/* End PBXSourcesBuildPhase section */

/* Begin XCBuildConfiguration section */
		C39ACBFC17A8FEE000253062 /* Debug */ = {
			isa = XCBuildConfiguration;
			buildSettings = {
				ALWAYS_SEARCH_USER_PATHS = NO;
				CLANG_CXX_LANGUAGE_STANDARD = "gnu++0x";
				CLANG_CXX_LIBRARY = "libc++";
				CLANG_ENABLE_OBJC_ARC = YES;
				CLANG_WARN_CONSTANT_CONVERSION = YES;
				CLANG_WARN_EMPTY_BODY = YES;
				CLANG_WARN_ENUM_CONVERSION = YES;
				CLANG_WARN_INT_CONVERSION = YES;
				CLANG_WARN__DUPLICATE_METHOD_MATCH = YES;
				"CODE_SIGN_IDENTITY[sdk=iphoneos*]" = "iPhone Developer";
				COPY_PHASE_STRIP = NO;
				GCC_C_LANGUAGE_STANDARD = gnu99;
				GCC_DYNAMIC_NO_PIC = NO;
				GCC_OPTIMIZATION_LEVEL = 0;
				GCC_PREPROCESSOR_DEFINITIONS = (
					"DEBUG=1",
					"$(inherited)",
				);
				GCC_SYMBOLS_PRIVATE_EXTERN = NO;
				GCC_WARN_ABOUT_RETURN_TYPE = YES;
				GCC_WARN_UNINITIALIZED_AUTOS = YES;
				GCC_WARN_UNUSED_VARIABLE = YES;
				IPHONEOS_DEPLOYMENT_TARGET = 6.1;
				ONLY_ACTIVE_ARCH = YES;
				SDKROOT = iphoneos;
				TARGETED_DEVICE_FAMILY = "1,2";
			};
			name = Debug;
		};
		C39ACBFD17A8FEE000253062 /* Release */ = {
			isa = XCBuildConfiguration;
			buildSettings = {
				ALWAYS_SEARCH_USER_PATHS = NO;
				CLANG_CXX_LANGUAGE_STANDARD = "gnu++0x";
				CLANG_CXX_LIBRARY = "libc++";
				CLANG_ENABLE_OBJC_ARC = YES;
				CLANG_WARN_CONSTANT_CONVERSION = YES;
				CLANG_WARN_EMPTY_BODY = YES;
				CLANG_WARN_ENUM_CONVERSION = YES;
				CLANG_WARN_INT_CONVERSION = YES;
				CLANG_WARN__DUPLICATE_METHOD_MATCH = YES;
				"CODE_SIGN_IDENTITY[sdk=iphoneos*]" = "iPhone Developer";
				COPY_PHASE_STRIP = YES;
				GCC_C_LANGUAGE_STANDARD = gnu99;
				GCC_WARN_ABOUT_RETURN_TYPE = YES;
				GCC_WARN_UNINITIALIZED_AUTOS = YES;
				GCC_WARN_UNUSED_VARIABLE = YES;
				IPHONEOS_DEPLOYMENT_TARGET = 6.1;
				OTHER_CFLAGS = "-DNS_BLOCK_ASSERTIONS=1";
				SDKROOT = iphoneos;
				TARGETED_DEVICE_FAMILY = "1,2";
				VALIDATE_PRODUCT = YES;
			};
			name = Release;
		};
		C39ACBFF17A8FEE000253062 /* Debug */ = {
			isa = XCBuildConfiguration;
			buildSettings = {
				GCC_PRECOMPILE_PREFIX_HEADER = YES;
				GCC_PREFIX_HEADER = "MCCoreData/MCCoreData-Prefix.pch";
				INFOPLIST_FILE = "MCCoreData/MCCoreData-Info.plist";
				PRODUCT_NAME = "$(TARGET_NAME)";
				WRAPPER_EXTENSION = app;
			};
			name = Debug;
		};
		C39ACC0017A8FEE000253062 /* Release */ = {
			isa = XCBuildConfiguration;
			buildSettings = {
				GCC_PRECOMPILE_PREFIX_HEADER = YES;
				GCC_PREFIX_HEADER = "MCCoreData/MCCoreData-Prefix.pch";
				INFOPLIST_FILE = "MCCoreData/MCCoreData-Info.plist";
				PRODUCT_NAME = "$(TARGET_NAME)";
				WRAPPER_EXTENSION = app;
			};
			name = Release;
		};
/* End XCBuildConfiguration section */

/* Begin XCConfigurationList section */
		C39ACBD317A8FEDF00253062 /* Build configuration list for PBXProject "MCCoreData" */ = {
			isa = XCConfigurationList;
			buildConfigurations = (
				C39ACBFC17A8FEE000253062 /* Debug */,
				C39ACBFD17A8FEE000253062 /* Release */,
			);
			defaultConfigurationIsVisible = 0;
			defaultConfigurationName = Release;
		};
		C39ACBFE17A8FEE000253062 /* Build configuration list for PBXNativeTarget "MCCoreData" */ = {
			isa = XCConfigurationList;
			buildConfigurations = (
				C39ACBFF17A8FEE000253062 /* Debug */,
				C39ACC0017A8FEE000253062 /* Release */,
			);
			defaultConfigurationIsVisible = 0;
			defaultConfigurationName = Release;
		};
/* End XCConfigurationList section */

/* Begin XCVersionGroup section */
		C39ACC2017A904D900253062 /* Model.xcdatamodeld */ = {
			isa = XCVersionGroup;
			children = (
				C39ACC2117A904D900253062 /* Model.xcdatamodel */,
			);
			currentVersion = C39ACC2117A904D900253062 /* Model.xcdatamodel */;
			path = Model.xcdatamodeld;
			sourceTree = "<group>";
			versionGroupType = wrapper.xcdatamodel;
		};
/* End XCVersionGroup section */
	};
	rootObject = C39ACBD017A8FEDF00253062 /* Project object */;
}
